
Microsoft Visual Studio Solution File, Format Version 12.00
# Visual Studio Version 17
VisualStudioVersion = 17.5.002.0
MinimumVisualStudioVersion = 10.0.40219.1
Project("{9A19103F-16F7-4668-BE54-9A1E7A4F7556}") = "MyEmptyWebApp", "MyEmptyWebApp.csproj", "{827E6CCA-B2A1-4D7A-B8E5-0678FBA81A51}"
EndProject
Global
	GlobalSection(SolutionConfigurationPlatforms) = preSolution
		Debug|Any CPU = Debug|Any CPU
		Release|Any CPU = Release|Any CPU
	EndGlobalSection
	GlobalSection(ProjectConfigurationPlatforms) = postSolution
		{827E6CCA-B2A1-4D7A-B8E5-0678FBA81A51}.Debug|Any CPU.ActiveCfg = Debug|Any CPU
		{827E6CCA-B2A1-4D7A-B8E5-0678FBA81A51}.Debug|Any CPU.Build.0 = Debug|Any CPU
		{827E6CCA-B2A1-4D7A-B8E5-0678FBA81A51}.Release|Any CPU.ActiveCfg = Release|Any CPU
		{827E6CCA-B2A1-4D7A-B8E5-0678FBA81A51}.Release|Any CPU.Build.0 = Release|Any CPU
	EndGlobalSection
	GlobalSection(SolutionProperties) = preSolution
		HideSolutionNode = FALSE
	EndGlobalSection
	GlobalSection(ExtensibilityGlobals) = postSolution
		SolutionGuid = {825B14A2-48D2-4F62-92FA-0BA851AAFDAB}
	EndGlobalSection
EndGlobal
